
Microsoft Visual Studio Solution File, Format Version 12.00
# Visual Studio Version 17
VisualStudioVersion = 17.11.35327.3
MinimumVisualStudioVersion = 10.0.40219.1
Project("{FAE04EC0-301F-11D3-BF4B-00C04F79EFBC}") = "GameStore.API", "GameStore.API\GameStore.API.csproj", "{C3A77958-BC15-46AF-9A20-2EE946553BD3}"
EndProject
Global
	GlobalSection(SolutionConfigurationPlatforms) = preSolution
		Debug|Any CPU = Debug|Any CPU
		Release|Any CPU = Release|Any CPU
	EndGlobalSection
	GlobalSection(ProjectConfigurationPlatforms) = postSolution
		{C3A77958-BC15-46AF-9A20-2EE946553BD3}.Debug|Any CPU.ActiveCfg = Debug|Any CPU
		{C3A77958-BC15-46AF-9A20-2EE946553BD3}.Debug|Any CPU.Build.0 = Debug|Any CPU
		{C3A77958-BC15-46AF-9A20-2EE946553BD3}.Release|Any CPU.ActiveCfg = Release|Any CPU
		{C3A77958-BC15-46AF-9A20-2EE946553BD3}.Release|Any CPU.Build.0 = Release|Any CPU
	EndGlobalSection
	GlobalSection(SolutionProperties) = preSolution
		HideSolutionNode = FALSE
	EndGlobalSection
	GlobalSection(ExtensibilityGlobals) = postSolution
		SolutionGuid = {1DA4933E-81D9-4740-ADE4-0BE1711D2553}
	EndGlobalSection
EndGlobal
